
Microsoft Visual Studio Solution File, Format Version 12.00
# Visual Studio Version 16
VisualStudioVersion = 16.0.32002.261
MinimumVisualStudioVersion = 10.0.40219.1
Project("{FAE04EC0-301F-11D3-BF4B-00C04F79EFBC}") = "UtahMotorVehicleAccidentAnalysis", "UtahMotorVehicleAccidentAnalysis.csproj", "{EA740542-9EDE-451E-8AD5-CC2595CFA78E}"
EndProject
Global
	GlobalSection(SolutionConfigurationPlatforms) = preSolution
		Debug|Any CPU = Debug|Any CPU
		Release|Any CPU = Release|Any CPU
	EndGlobalSection
	GlobalSection(ProjectConfigurationPlatforms) = postSolution
		{EA740542-9EDE-451E-8AD5-CC2595CFA78E}.Debug|Any CPU.ActiveCfg = Debug|Any CPU
		{EA740542-9EDE-451E-8AD5-CC2595CFA78E}.Debug|Any CPU.Build.0 = Debug|Any CPU
		{EA740542-9EDE-451E-8AD5-CC2595CFA78E}.Release|Any CPU.ActiveCfg = Release|Any CPU
		{EA740542-9EDE-451E-8AD5-CC2595CFA78E}.Release|Any CPU.Build.0 = Release|Any CPU
	EndGlobalSection
	GlobalSection(SolutionProperties) = preSolution
		HideSolutionNode = FALSE
	EndGlobalSection
	GlobalSection(ExtensibilityGlobals) = postSolution
		SolutionGuid = {2774BB2A-D927-4ED5-9243-351BB69E084B}
	EndGlobalSection
EndGlobal
